// !$*UTF8*$!
{
	archiveVersion = 1;
	classes = {
	};
	objectVersion = 50;
	objects = {

/* Begin PBXBuildFile section */
		4A40DE6C21D5E81300EEDF5B /* AppDelegate.swift in Sources */ = {isa = PBXBuildFile; fileRef = 4A40DE6B21D5E81300EEDF5B /* AppDelegate.swift */; };
		4A40DE6E21D5E81300EEDF5B /* ViewController.swift in Sources */ = {isa = PBXBuildFile; fileRef = 4A40DE6D21D5E81300EEDF5B /* ViewController.swift */; };
		4A40DE7121D5E81300EEDF5B /* Main.storyboard in Resources */ = {isa = PBXBuildFile; fileRef = 4A40DE6F21D5E81300EEDF5B /* Main.storyboard */; };
		4A40DE7321D5E81400EEDF5B /* Assets.xcassets in Resources */ = {isa = PBXBuildFile; fileRef = 4A40DE7221D5E81400EEDF5B /* Assets.xcassets */; };
		4A40DE7621D5E81400EEDF5B /* LaunchScreen.storyboard in Resources */ = {isa = PBXBuildFile; fileRef = 4A40DE7421D5E81400EEDF5B /* LaunchScreen.storyboard */; };
		4A40DE7E21D5EB6500EEDF5B /* FloatingPoint+Extension.swift in Sources */ = {isa = PBXBuildFile; fileRef = 4A40DE7D21D5EB6500EEDF5B /* FloatingPoint+Extension.swift */; };
		4A40DE8021D5EBC700EEDF5B /* String+Extension.swift in Sources */ = {isa = PBXBuildFile; fileRef = 4A40DE7F21D5EBC700EEDF5B /* String+Extension.swift */; };
		4A40DE8621D5EFC200EEDF5B /* art.scnassets in Resources */ = {isa = PBXBuildFile; fileRef = 4A40DE8521D5EFC200EEDF5B /* art.scnassets */; };
		6E5857CACD1FD6F249004644 /* Pods_ARKitCarGeolocation.framework in Frameworks */ = {isa = PBXBuildFile; fileRef = EF1DC199357AD5AF2AE3A6BD /* Pods_ARKitCarGeolocation.framework */; };
/* End PBXBuildFile section */

/* Begin PBXFileReference section */
		4A40DE6821D5E81300EEDF5B /* ARKitCarGeolocation.app */ = {isa = PBXFileReference; explicitFileType = wrapper.application; includeInIndex = 0; path = ARKitCarGeolocation.app; sourceTree = BUILT_PRODUCTS_DIR; };
		4A40DE6B21D5E81300EEDF5B /* AppDelegate.swift */ = {isa = PBXFileReference; lastKnownFileType = sourcecode.swift; path = AppDelegate.swift; sourceTree = "<group>"; };
		4A40DE6D21D5E81300EEDF5B /* ViewController.swift */ = {isa = PBXFileReference; lastKnownFileType = sourcecode.swift; path = ViewController.swift; sourceTree = "<group>"; };
		4A40DE7021D5E81300EEDF5B /* Base */ = {isa = PBXFileReference; lastKnownFileType = file.storyboard; name = Base; path = Base.lproj/Main.storyboard; sourceTree = "<group>"; };
		4A40DE7221D5E81400EEDF5B /* Assets.xcassets */ = {isa = PBXFileReference; lastKnownFileType = folder.assetcatalog; path = Assets.xcassets; sourceTree = "<group>"; };
		4A40DE7521D5E81400EEDF5B /* Base */ = {isa = PBXFileReference; lastKnownFileType = file.storyboard; name = Base; path = Base.lproj/LaunchScreen.storyboard; sourceTree = "<group>"; };
		4A40DE7721D5E81400EEDF5B /* Info.plist */ = {isa = PBXFileReference; lastKnownFileType = text.plist.xml; path = Info.plist; sourceTree = "<group>"; };
		4A40DE7D21D5EB6500EEDF5B /* FloatingPoint+Extension.swift */ = {isa = PBXFileReference; lastKnownFileType = sourcecode.swift; path = "FloatingPoint+Extension.swift"; sourceTree = "<group>"; };
		4A40DE7F21D5EBC700EEDF5B /* String+Extension.swift */ = {isa = PBXFileReference; lastKnownFileType = sourcecode.swift; path = "String+Extension.swift"; sourceTree = "<group>"; };
		4A40DE8521D5EFC200EEDF5B /* art.scnassets */ = {isa = PBXFileReference; lastKnownFileType = wrapper.scnassets; path = art.scnassets; sourceTree = "<group>"; };
		A8DFBD39BF80ABE14E19AF47 /* Pods-ARKitCarGeolocation.debug.xcconfig */ = {isa = PBXFileReference; includeInIndex = 1; lastKnownFileType = text.xcconfig; name = "Pods-ARKitCarGeolocation.debug.xcconfig"; path = "Pods/Target Support Files/Pods-ARKitCarGeolocation/Pods-ARKitCarGeolocation.debug.xcconfig"; sourceTree = "<group>"; };
		D1BC4BE5E8CE7F0F957A6BCB /* Pods-ARKitCarGeolocation.release.xcconfig */ = {isa = PBXFileReference; includeInIndex = 1; lastKnownFileType = text.xcconfig; name = "Pods-ARKitCarGeolocation.release.xcconfig"; path = "Pods/Target Support Files/Pods-ARKitCarGeolocation/Pods-ARKitCarGeolocation.release.xcconfig"; sourceTree = "<group>"; };
		EF1DC199357AD5AF2AE3A6BD /* Pods_ARKitCarGeolocation.framework */ = {isa = PBXFileReference; explicitFileType = wrapper.framework; includeInIndex = 0; path = Pods_ARKitCarGeolocation.framework; sourceTree = BUILT_PRODUCTS_DIR; };
/* End PBXFileReference section */

/* Begin PBXFrameworksBuildPhase section */
		4A40DE6521D5E81300EEDF5B /* Frameworks */ = {
			isa = PBXFrameworksBuildPhase;
			buildActionMask = 2147483647;
			files = (
				6E5857CACD1FD6F249004644 /* Pods_ARKitCarGeolocation.framework in Frameworks */,
			);
			runOnlyForDeploymentPostprocessing = 0;
		};
/* End PBXFrameworksBuildPhase section */

/* Begin PBXGroup section */
		4A40DE5F21D5E81300EEDF5B = {
			isa = PBXGroup;
			children = (
				4A40DE6A21D5E81300EEDF5B /* ARKitCarGeolocation */,
				4A40DE6921D5E81300EEDF5B /* Products */,
				EE42F20AFC643FE3E40DBE6A /* Pods */,
				B61E4CD0FA36BB522072B965 /* Frameworks */,
			);
			sourceTree = "<group>";
		};
		4A40DE6921D5E81300EEDF5B /* Products */ = {
			isa = PBXGroup;
			children = (
				4A40DE6821D5E81300EEDF5B /* ARKitCarGeolocation.app */,
			);
			name = Products;
			sourceTree = "<group>";
		};
		4A40DE6A21D5E81300EEDF5B /* ARKitCarGeolocation */ = {
			isa = PBXGroup;
			children = (
				4A40DE8521D5EFC200EEDF5B /* art.scnassets */,
				4A40DE6B21D5E81300EEDF5B /* AppDelegate.swift */,
				4A40DE6D21D5E81300EEDF5B /* ViewController.swift */,
				4A40DE6F21D5E81300EEDF5B /* Main.storyboard */,
				4A40DE7221D5E81400EEDF5B /* Assets.xcassets */,
				4A40DE7421D5E81400EEDF5B /* LaunchScreen.storyboard */,
				4A40DE7721D5E81400EEDF5B /* Info.plist */,
				4A40DE7D21D5EB6500EEDF5B /* FloatingPoint+Extension.swift */,
				4A40DE7F21D5EBC700EEDF5B /* String+Extension.swift */,
			);
			path = ARKitCarGeolocation;
			sourceTree = "<group>";
		};
		B61E4CD0FA36BB522072B965 /* Frameworks */ = {
			isa = PBXGroup;
			children = (
				EF1DC199357AD5AF2AE3A6BD /* Pods_ARKitCarGeolocation.framework */,
			);
			name = Frameworks;
			sourceTree = "<group>";
		};
		EE42F20AFC643FE3E40DBE6A /* Pods */ = {
			isa = PBXGroup;
			children = (
				A8DFBD39BF80ABE14E19AF47 /* Pods-ARKitCarGeolocation.debug.xcconfig */,
				D1BC4BE5E8CE7F0F957A6BCB /* Pods-ARKitCarGeolocation.release.xcconfig */,
			);
			name = Pods;
			sourceTree = "<group>";
		};
/* End PBXGroup section */

/* Begin PBXNativeTarget section */
		4A40DE6721D5E81300EEDF5B /* ARKitCarGeolocation */ = {
			isa = PBXNativeTarget;
			buildConfigurationList = 4A40DE7A21D5E81400EEDF5B /* Build configuration list for PBXNativeTarget "ARKitCarGeolocation" */;
			buildPhases = (
				E6547A7F0103CFAA6EE12881 /* [CP] Check Pods Manifest.lock */,
				4A40DE6421D5E81300EEDF5B /* Sources */,
				4A40DE6521D5E81300EEDF5B /* Frameworks */,
				4A40DE6621D5E81300EEDF5B /* Resources */,
				E08E24CD1A3E82D3C2F6FA6C /* [CP] Embed Pods Frameworks */,
			);
			buildRules = (
			);
			dependencies = (
			);
			name = ARKitCarGeolocation;
			productName = ARKitCarGeolocation;
			productReference = 4A40DE6821D5E81300EEDF5B /* ARKitCarGeolocation.app */;
			productType = "com.apple.product-type.application";
		};
/* End PBXNativeTarget section */

/* Begin PBXProject section */
		4A40DE6021D5E81300EEDF5B /* Project object */ = {
			isa = PBXProject;
			attributes = {
				LastSwiftUpdateCheck = 1010;
				LastUpgradeCheck = 1010;
				ORGANIZATIONNAME = "Nick Wichert";
				TargetAttributes = {
					4A40DE6721D5E81300EEDF5B = {
						CreatedOnToolsVersion = 10.1;
					};
				};
			};
			buildConfigurationList = 4A40DE6321D5E81300EEDF5B /* Build configuration list for PBXProject "ARKitCarGeolocation" */;
			compatibilityVersion = "Xcode 9.3";
			developmentRegion = en;
			hasScannedForEncodings = 0;
			knownRegions = (
				en,
				Base,
			);
			mainGroup = 4A40DE5F21D5E81300EEDF5B;
			productRefGroup = 4A40DE6921D5E81300EEDF5B /* Products */;
			projectDirPath = "";
			projectRoot = "";
			targets = (
				4A40DE6721D5E81300EEDF5B /* ARKitCarGeolocation */,
			);
		};
/* End PBXProject section */

/* Begin PBXResourcesBuildPhase section */
		4A40DE6621D5E81300EEDF5B /* Resources */ = {
			isa = PBXResourcesBuildPhase;
			buildActionMask = 2147483647;
			files = (
				4A40DE7621D5E81400EEDF5B /* LaunchScreen.storyboard in Resources */,
				4A40DE8621D5EFC200EEDF5B /* art.scnassets in Resources */,
				4A40DE7321D5E81400EEDF5B /* Assets.xcassets in Resources */,
				4A40DE7121D5E81300EEDF5B /* Main.storyboard in Resources */,
			);
			runOnlyForDeploymentPostprocessing = 0;
		};
/* End PBXResourcesBuildPhase section */

/* Begin PBXShellScriptBuildPhase section */
		E08E24CD1A3E82D3C2F6FA6C /* [CP] Embed Pods Frameworks */ = {
			isa = PBXShellScriptBuildPhase;
			buildActionMask = 2147483647;
			files = (
			);
			inputFileListPaths = (
			);
			inputPaths = (
				"${SRCROOT}/Pods/Target Support Files/Pods-ARKitCarGeolocation/Pods-ARKitCarGeolocation-frameworks.sh",
				"${BUILT_PRODUCTS_DIR}/PusherSwift/PusherSwift.framework",
			);
			name = "[CP] Embed Pods Frameworks";
			outputFileListPaths = (
			);
			outputPaths = (
				"${TARGET_BUILD_DIR}/${FRAMEWORKS_FOLDER_PATH}/PusherSwift.framework",
			);
			runOnlyForDeploymentPostprocessing = 0;
			shellPath = /bin/sh;
			shellScript = "\"${SRCROOT}/Pods/Target Support Files/Pods-ARKitCarGeolocation/Pods-ARKitCarGeolocation-frameworks.sh\"\n";
			showEnvVarsInLog = 0;
		};
		E6547A7F0103CFAA6EE12881 /* [CP] Check Pods Manifest.lock */ = {
			isa = PBXShellScriptBuildPhase;
			buildActionMask = 2147483647;
			files = (
			);
			inputFileListPaths = (
			);
			inputPaths = (
				"${PODS_PODFILE_DIR_PATH}/Podfile.lock",
				"${PODS_ROOT}/Manifest.lock",
			);
			name = "[CP] Check Pods Manifest.lock";
			outputFileListPaths = (
			);
			outputPaths = (
				"$(DERIVED_FILE_DIR)/Pods-ARKitCarGeolocation-checkManifestLockResult.txt",
			);
			runOnlyForDeploymentPostprocessing = 0;
			shellPath = /bin/sh;
			shellScript = "diff \"${PODS_PODFILE_DIR_PATH}/Podfile.lock\" \"${PODS_ROOT}/Manifest.lock\" > /dev/null\nif [ $? != 0 ] ; then\n    # print error to STDERR\n    echo \"error: The sandbox is not in sync with the Podfile.lock. Run 'pod install' or update your CocoaPods installation.\" >&2\n    exit 1\nfi\n# This output is used by Xcode 'outputs' to avoid re-running this script phase.\necho \"SUCCESS\" > \"${SCRIPT_OUTPUT_FILE_0}\"\n";
			showEnvVarsInLog = 0;
		};
/* End PBXShellScriptBuildPhase section */

/* Begin PBXSourcesBuildPhase section */
		4A40DE6421D5E81300EEDF5B /* Sources */ = {
			isa = PBXSourcesBuildPhase;
			buildActionMask = 2147483647;
			files = (
				4A40DE8021D5EBC700EEDF5B /* String+Extension.swift in Sources */,
				4A40DE7E21D5EB6500EEDF5B /* FloatingPoint+Extension.swift in Sources */,
				4A40DE6E21D5E81300EEDF5B /* ViewController.swift in Sources */,
				4A40DE6C21D5E81300EEDF5B /* AppDelegate.swift in Sources */,
			);
			runOnlyForDeploymentPostprocessing = 0;
		};
/* End PBXSourcesBuildPhase section */

/* Begin PBXVariantGroup section */
		4A40DE6F21D5E81300EEDF5B /* Main.storyboard */ = {
			isa = PBXVariantGroup;
			children = (
				4A40DE7021D5E81300EEDF5B /* Base */,
			);
			name = Main.storyboard;
			sourceTree = "<group>";
		};
		4A40DE7421D5E81400EEDF5B /* LaunchScreen.storyboard */ = {
			isa = PBXVariantGroup;
			children = (
				4A40DE7521D5E81400EEDF5B /* Base */,
			);
			name = LaunchScreen.storyboard;
			sourceTree = "<group>";
		};
/* End PBXVariantGroup section */

/* Begin XCBuildConfiguration section */
		4A40DE7821D5E81400EEDF5B /* Debug */ = {
			isa = XCBuildConfiguration;
			buildSettings = {
				ALWAYS_SEARCH_USER_PATHS = NO;
				CLANG_ANALYZER_NONNULL = YES;
				CLANG_ANALYZER_NUMBER_OBJECT_CONVERSION = YES_AGGRESSIVE;
				CLANG_CXX_LANGUAGE_STANDARD = "gnu++14";
				CLANG_CXX_LIBRARY = "libc++";
				CLANG_ENABLE_MODULES = YES;
				CLANG_ENABLE_OBJC_ARC = YES;
				CLANG_ENABLE_OBJC_WEAK = YES;
				CLANG_WARN_BLOCK_CAPTURE_AUTORELEASING = YES;
				CLANG_WARN_BOOL_CONVERSION = YES;
				CLANG_WARN_COMMA = YES;
				CLANG_WARN_CONSTANT_CONVERSION = YES;
				CLANG_WARN_DEPRECATED_OBJC_IMPLEMENTATIONS = YES;
				CLANG_WARN_DIRECT_OBJC_ISA_USAGE = YES_ERROR;
				CLANG_WARN_DOCUMENTATION_COMMENTS = YES;
				CLANG_WARN_EMPTY_BODY = YES;
				CLANG_WARN_ENUM_CONVERSION = YES;
				CLANG_WARN_INFINITE_RECURSION = YES;
				CLANG_WARN_INT_CONVERSION = YES;
				CLANG_WARN_NON_LITERAL_NULL_CONVERSION = YES;
				CLANG_WARN_OBJC_IMPLICIT_RETAIN_SELF = YES;
				CLANG_WARN_OBJC_LITERAL_CONVERSION = YES;
				CLANG_WARN_OBJC_ROOT_CLASS = YES_ERROR;
				CLANG_WARN_RANGE_LOOP_ANALYSIS = YES;
				CLANG_WARN_STRICT_PROTOTYPES = YES;
				CLANG_WARN_SUSPICIOUS_MOVE = YES;
				CLANG_WARN_UNGUARDED_AVAILABILITY = YES_AGGRESSIVE;
				CLANG_WARN_UNREACHABLE_CODE = YES;
				CLANG_WARN__DUPLICATE_METHOD_MATCH = YES;
				CODE_SIGN_IDENTITY = "iPhone Developer";
				COPY_PHASE_STRIP = NO;
				DEBUG_INFORMATION_FORMAT = dwarf;
				ENABLE_STRICT_OBJC_MSGSEND = YES;
				ENABLE_TESTABILITY = YES;
				GCC_C_LANGUAGE_STANDARD = gnu11;
				GCC_DYNAMIC_NO_PIC = NO;
				GCC_NO_COMMON_BLOCKS = YES;
				GCC_OPTIMIZATION_LEVEL = 0;
				GCC_PREPROCESSOR_DEFINITIONS = (
					"DEBUG=1",
					"$(inherited)",
				);
				GCC_WARN_64_TO_32_BIT_CONVERSION = YES;
				GCC_WARN_ABOUT_RETURN_TYPE = YES_ERROR;
				GCC_WARN_UNDECLARED_SELECTOR = YES;
				GCC_WARN_UNINITIALIZED_AUTOS = YES_AGGRESSIVE;
				GCC_WARN_UNUSED_FUNCTION = YES;
				GCC_WARN_UNUSED_VARIABLE = YES;
				IPHONEOS_DEPLOYMENT_TARGET = 12.1;
				MTL_ENABLE_DEBUG_INFO = INCLUDE_SOURCE;
				MTL_FAST_MATH = YES;
				ONLY_ACTIVE_ARCH = YES;
				SDKROOT = iphoneos;
				SWIFT_ACTIVE_COMPILATION_CONDITIONS = DEBUG;
				SWIFT_OPTIMIZATION_LEVEL = "-Onone";
			};
			name = Debug;
		};
		4A40DE7921D5E81400EEDF5B /* Release */ = {
			isa = XCBuildConfiguration;
			buildSettings = {
				ALWAYS_SEARCH_USER_PATHS = NO;
				CLANG_ANALYZER_NONNULL = YES;
				CLANG_ANALYZER_NUMBER_OBJECT_CONVERSION = YES_AGGRESSIVE;
				CLANG_CXX_LANGUAGE_STANDARD = "gnu++14";
				CLANG_CXX_LIBRARY = "libc++";
				CLANG_ENABLE_MODULES = YES;
				CLANG_ENABLE_OBJC_ARC = YES;
				CLANG_ENABLE_OBJC_WEAK = YES;
				CLANG_WARN_BLOCK_CAPTURE_AUTORELEASING = YES;
				CLANG_WARN_BOOL_CONVERSION = YES;
				CLANG_WARN_COMMA = YES;
				CLANG_WARN_CONSTANT_CONVERSION = YES;
				CLANG_WARN_DEPRECATED_OBJC_IMPLEMENTATIONS = YES;
				CLANG_WARN_DIRECT_OBJC_ISA_USAGE = YES_ERROR;
				CLANG_WARN_DOCUMENTATION_COMMENTS = YES;
				CLANG_WARN_EMPTY_BODY = YES;
				CLANG_WARN_ENUM_CONVERSION = YES;
				CLANG_WARN_INFINITE_RECURSION = YES;
				CLANG_WARN_INT_CONVERSION = YES;
				CLANG_WARN_NON_LITERAL_NULL_CONVERSION = YES;
				CLANG_WARN_OBJC_IMPLICIT_RETAIN_SELF = YES;
				CLANG_WARN_OBJC_LITERAL_CONVERSION = YES;
				CLANG_WARN_OBJC_ROOT_CLASS = YES_ERROR;
				CLANG_WARN_RANGE_LOOP_ANALYSIS = YES;
				CLANG_WARN_STRICT_PROTOTYPES = YES;
				CLANG_WARN_SUSPICIOUS_MOVE = YES;
				CLANG_WARN_UNGUARDED_AVAILABILITY = YES_AGGRESSIVE;
				CLANG_WARN_UNREACHABLE_CODE = YES;
				CLANG_WARN__DUPLICATE_METHOD_MATCH = YES;
				CODE_SIGN_IDENTITY = "iPhone Developer";
				COPY_PHASE_STRIP = NO;
				DEBUG_INFORMATION_FORMAT = "dwarf-with-dsym";
				ENABLE_NS_ASSERTIONS = NO;
				ENABLE_STRICT_OBJC_MSGSEND = YES;
				GCC_C_LANGUAGE_STANDARD = gnu11;
				GCC_NO_COMMON_BLOCKS = YES;
				GCC_WARN_64_TO_32_BIT_CONVERSION = YES;
				GCC_WARN_ABOUT_RETURN_TYPE = YES_ERROR;
				GCC_WARN_UNDECLARED_SELECTOR = YES;
				GCC_WARN_UNINITIALIZED_AUTOS = YES_AGGRESSIVE;
				GCC_WARN_UNUSED_FUNCTION = YES;
				GCC_WARN_UNUSED_VARIABLE = YES;
				IPHONEOS_DEPLOYMENT_TARGET = 12.1;
				MTL_ENABLE_DEBUG_INFO = NO;
				MTL_FAST_MATH = YES;
				SDKROOT = iphoneos;
				SWIFT_COMPILATION_MODE = wholemodule;
				SWIFT_OPTIMIZATION_LEVEL = "-O";
				VALIDATE_PRODUCT = YES;
			};
			name = Release;
		};
		4A40DE7B21D5E81400EEDF5B /* Debug */ = {
			isa = XCBuildConfiguration;
			baseConfigurationReference = A8DFBD39BF80ABE14E19AF47 /* Pods-ARKitCarGeolocation.debug.xcconfig */;
			buildSettings = {
				ASSETCATALOG_COMPILER_APPICON_NAME = AppIcon;
				CODE_SIGN_STYLE = Automatic;
				DEVELOPMENT_TEAM = VAS4R8FU6F;
				INFOPLIST_FILE = ARKitCarGeolocation/Info.plist;
				LD_RUNPATH_SEARCH_PATHS = (
					"$(inherited)",
					"@executable_path/Frameworks",
				);
				PRODUCT_BUNDLE_IDENTIFIER = com.bloodknotoutdoors.ARKitCarGeolocation;
				PRODUCT_NAME = "$(TARGET_NAME)";
				SWIFT_VERSION = 4.2;
				TARGETED_DEVICE_FAMILY = "1,2";
			};
			name = Debug;
		};
		4A40DE7C21D5E81400EEDF5B /* Release */ = {
			isa = XCBuildConfiguration;
			baseConfigurationReference = D1BC4BE5E8CE7F0F957A6BCB /* Pods-ARKitCarGeolocation.release.xcconfig */;
			buildSettings = {
				ASSETCATALOG_COMPILER_APPICON_NAME = AppIcon;
				CODE_SIGN_STYLE = Automatic;
				DEVELOPMENT_TEAM = VAS4R8FU6F;
				INFOPLIST_FILE = ARKitCarGeolocation/Info.plist;
				LD_RUNPATH_SEARCH_PATHS = (
					"$(inherited)",
					"@executable_path/Frameworks",
				);
				PRODUCT_BUNDLE_IDENTIFIER = com.bloodknotoutdoors.ARKitCarGeolocation;
				PRODUCT_NAME = "$(TARGET_NAME)";
				SWIFT_VERSION = 4.2;
				TARGETED_DEVICE_FAMILY = "1,2";
			};
			name = Release;
		};
/* End XCBuildConfiguration section */

/* Begin XCConfigurationList section */
		4A40DE6321D5E81300EEDF5B /* Build configuration list for PBXProject "ARKitCarGeolocation" */ = {
			isa = XCConfigurationList;
			buildConfigurations = (
				4A40DE7821D5E81400EEDF5B /* Debug */,
				4A40DE7921D5E81400EEDF5B /* Release */,
			);
			defaultConfigurationIsVisible = 0;
			defaultConfigurationName = Release;
		};
		4A40DE7A21D5E81400EEDF5B /* Build configuration list for PBXNativeTarget "ARKitCarGeolocation" */ = {
			isa = XCConfigurationList;
			buildConfigurations = (
				4A40DE7B21D5E81400EEDF5B /* Debug */,
				4A40DE7C21D5E81400EEDF5B /* Release */,
			);
			defaultConfigurationIsVisible = 0;
			defaultConfigurationName = Release;
		};
/* End XCConfigurationList section */
	};
	rootObject = 4A40DE6021D5E81300EEDF5B /* Project object */;
}
